
Microsoft Visual Studio Solution File, Format Version 12.00
# Visual Studio Version 16
VisualStudioVersion = 16.0.31702.278
MinimumVisualStudioVersion = 10.0.40219.1
Project("{9A19103F-16F7-4668-BE54-9A1E7A4F7556}") = "Лаба 2-2 Сsh", "Лаба 2-2 Сsh\Лаба 2-2 Сsh.csproj", "{123ED58B-B096-4CEF-86FD-73F90AC5380A}"
EndProject
Project("{FAE04EC0-301F-11D3-BF4B-00C04F79EFBC}") = "Лаба 2-2 СshTests", "Лаба 2-2 СshTests\Лаба 2-2 СshTests.csproj", "{C050B886-11EA-4A31-A575-A553F6AEA35F}"
EndProject
Global
	GlobalSection(SolutionConfigurationPlatforms) = preSolution
		Debug|Any CPU = Debug|Any CPU
		Release|Any CPU = Release|Any CPU
	EndGlobalSection
	GlobalSection(ProjectConfigurationPlatforms) = postSolution
		{123ED58B-B096-4CEF-86FD-73F90AC5380A}.Debug|Any CPU.ActiveCfg = Debug|Any CPU
		{123ED58B-B096-4CEF-86FD-73F90AC5380A}.Debug|Any CPU.Build.0 = Debug|Any CPU
		{123ED58B-B096-4CEF-86FD-73F90AC5380A}.Release|Any CPU.ActiveCfg = Release|Any CPU
		{123ED58B-B096-4CEF-86FD-73F90AC5380A}.Release|Any CPU.Build.0 = Release|Any CPU
		{C050B886-11EA-4A31-A575-A553F6AEA35F}.Debug|Any CPU.ActiveCfg = Debug|Any CPU
		{C050B886-11EA-4A31-A575-A553F6AEA35F}.Debug|Any CPU.Build.0 = Debug|Any CPU
		{C050B886-11EA-4A31-A575-A553F6AEA35F}.Release|Any CPU.ActiveCfg = Release|Any CPU
		{C050B886-11EA-4A31-A575-A553F6AEA35F}.Release|Any CPU.Build.0 = Release|Any CPU
	EndGlobalSection
	GlobalSection(SolutionProperties) = preSolution
		HideSolutionNode = FALSE
	EndGlobalSection
	GlobalSection(ExtensibilityGlobals) = postSolution
		SolutionGuid = {5D8326D9-74FB-4FAB-954F-58CECD21C2E1}
	EndGlobalSection
EndGlobal
